PODS:
  - KinAppreciationModuleOptionsMenu (0.0.1)

DEPENDENCIES:
  - KinAppreciationModuleOptionsMenu (from `./`)

EXTERNAL SOURCES:
  KinAppreciationModuleOptionsMenu:
    :path: "./"

SPEC CHECKSUMS:
  KinAppreciationModuleOptionsMenu: 653e577a1e59b8d0154c45dcde4d947c473502f7

PODFILE CHECKSUM: 84a3ca4f65a5e6cf1657726f09c010dea0d70a80

COCOAPODS: 1.7.2
