PODS:
  - KinAppreciationModuleOptionsMenu (0.0.1):
    - KinSDK (~> 1.0.0)
  - KinSDK (1.0.2):
    - KinSDK/Core (= 1.0.2)
    - KinUtil (= 0.1.0)
    - Sodium (= 0.8.0)
  - KinSDK/Core (1.0.2):
    - KinUtil (= 0.1.0)
    - Sodium (= 0.8.0)
  - KinUtil (0.1.0)
  - Sodium (0.8.0)

DEPENDENCIES:
  - KinAppreciationModuleOptionsMenu (from `./`)
  - KinSDK (~> 1.0.0)

SPEC REPOS:
  https://github.com/cocoapods/specs.git:
    - KinSDK
    - KinUtil
    - Sodium

EXTERNAL SOURCES:
  KinAppreciationModuleOptionsMenu:
    :path: "./"

SPEC CHECKSUMS:
  KinAppreciationModuleOptionsMenu: 56652af5bd000b401cd6572e3097eaaeba82e573
  KinSDK: 5dfcf8353ceface126e3bb6912a1634677d83bea
  KinUtil: 5ba64858ba2f24156d6e229c963b37f8d808bd4c
  Sodium: 63c0ca312a932e6da481689537d4b35568841bdc

PODFILE CHECKSUM: 73349b34292f5e0c5d6150b3b7f0662031d8d3ce

COCOAPODS: 1.7.2
