// !$*UTF8*$!
{
	archiveVersion = 1;
	classes = {
	};
	objectVersion = 51;
	objects = {

/* Begin PBXBuildFile section */
		68AF952122B79B4C008C01EC /* AppDelegate.swift in Sources */ = {isa = PBXBuildFile; fileRef = 68AF952022B79B4C008C01EC /* AppDelegate.swift */; };
		68AF952322B79B4C008C01EC /* ViewController.swift in Sources */ = {isa = PBXBuildFile; fileRef = 68AF952222B79B4C008C01EC /* ViewController.swift */; };
		68AF952622B79B4C008C01EC /* Main.storyboard in Resources */ = {isa = PBXBuildFile; fileRef = 68AF952422B79B4C008C01EC /* Main.storyboard */; };
		68AF952822B79B4F008C01EC /* Assets.xcassets in Resources */ = {isa = PBXBuildFile; fileRef = 68AF952722B79B4F008C01EC /* Assets.xcassets */; };
		68AF952B22B79B4F008C01EC /* LaunchScreen.storyboard in Resources */ = {isa = PBXBuildFile; fileRef = 68AF952922B79B4F008C01EC /* LaunchScreen.storyboard */; };
		6B4F3078A3DEB52A0B224BF2 /* Pods_KinAppreciationModuleOptionsMenuSampleApp.framework in Frameworks */ = {isa = PBXBuildFile; fileRef = A461E8FC65569E8B8A512B5A /* Pods_KinAppreciationModuleOptionsMenuSampleApp.framework */; };
/* End PBXBuildFile section */

/* Begin PBXFileReference section */
		0AC55A4FC5B9E0CF3DC99034 /* Pods-Dependencies-KinAppreciationModuleOptionsMenu-KinAppreciationModuleOptionsMenuSampleApp.release.xcconfig */ = {isa = PBXFileReference; includeInIndex = 1; lastKnownFileType = text.xcconfig; name = "Pods-Dependencies-KinAppreciationModuleOptionsMenu-KinAppreciationModuleOptionsMenuSampleApp.release.xcconfig"; path = "Target Support Files/Pods-Dependencies-KinAppreciationModuleOptionsMenu-KinAppreciationModuleOptionsMenuSampleApp/Pods-Dependencies-KinAppreciationModuleOptionsMenu-KinAppreciationModuleOptionsMenuSampleApp.release.xcconfig"; sourceTree = "<group>"; };
		0D7737BD6BF63E132A70096B /* Pods-KinAppreciationModuleOptionsMenuSampleApp.release.xcconfig */ = {isa = PBXFileReference; includeInIndex = 1; lastKnownFileType = text.xcconfig; name = "Pods-KinAppreciationModuleOptionsMenuSampleApp.release.xcconfig"; path = "Target Support Files/Pods-KinAppreciationModuleOptionsMenuSampleApp/Pods-KinAppreciationModuleOptionsMenuSampleApp.release.xcconfig"; sourceTree = "<group>"; };
		36BC6DA688E7AE167191EC5A /* Pods-Dependencies-KinAppreciationModuleOptionsMenu-KinAppreciationModuleOptionsMenuSampleApp.debug.xcconfig */ = {isa = PBXFileReference; includeInIndex = 1; lastKnownFileType = text.xcconfig; name = "Pods-Dependencies-KinAppreciationModuleOptionsMenu-KinAppreciationModuleOptionsMenuSampleApp.debug.xcconfig"; path = "Target Support Files/Pods-Dependencies-KinAppreciationModuleOptionsMenu-KinAppreciationModuleOptionsMenuSampleApp/Pods-Dependencies-KinAppreciationModuleOptionsMenu-KinAppreciationModuleOptionsMenuSampleApp.debug.xcconfig"; sourceTree = "<group>"; };
		5990C6ADF9334B87E2FF7584 /* Pods-KinAppreciationModuleOptionsMenuSampleApp.debug.xcconfig */ = {isa = PBXFileReference; includeInIndex = 1; lastKnownFileType = text.xcconfig; name = "Pods-KinAppreciationModuleOptionsMenuSampleApp.debug.xcconfig"; path = "Target Support Files/Pods-KinAppreciationModuleOptionsMenuSampleApp/Pods-KinAppreciationModuleOptionsMenuSampleApp.debug.xcconfig"; sourceTree = "<group>"; };
		68AF951D22B79B4C008C01EC /* KinAppreciationModuleOptionsMenuSampleApp.app */ = {isa = PBXFileReference; explicitFileType = wrapper.application; includeInIndex = 0; path = KinAppreciationModuleOptionsMenuSampleApp.app; sourceTree = BUILT_PRODUCTS_DIR; };
		68AF952022B79B4C008C01EC /* AppDelegate.swift */ = {isa = PBXFileReference; lastKnownFileType = sourcecode.swift; path = AppDelegate.swift; sourceTree = "<group>"; };
		68AF952222B79B4C008C01EC /* ViewController.swift */ = {isa = PBXFileReference; lastKnownFileType = sourcecode.swift; path = ViewController.swift; sourceTree = "<group>"; };
		68AF952522B79B4C008C01EC /* Base */ = {isa = PBXFileReference; lastKnownFileType = file.storyboard; name = Base; path = Base.lproj/Main.storyboard; sourceTree = "<group>"; };
		68AF952722B79B4F008C01EC /* Assets.xcassets */ = {isa = PBXFileReference; lastKnownFileType = folder.assetcatalog; path = Assets.xcassets; sourceTree = "<group>"; };
		68AF952A22B79B4F008C01EC /* Base */ = {isa = PBXFileReference; lastKnownFileType = file.storyboard; name = Base; path = Base.lproj/LaunchScreen.storyboard; sourceTree = "<group>"; };
		68AF952C22B79B4F008C01EC /* Info.plist */ = {isa = PBXFileReference; lastKnownFileType = text.plist.xml; path = Info.plist; sourceTree = "<group>"; };
		7E0EF86BEBA21C6326CA573D /* Pods-Dependencies-KinAppreciationModuleOptionsMenuSampleApp.release.xcconfig */ = {isa = PBXFileReference; includeInIndex = 1; lastKnownFileType = text.xcconfig; name = "Pods-Dependencies-KinAppreciationModuleOptionsMenuSampleApp.release.xcconfig"; path = "Target Support Files/Pods-Dependencies-KinAppreciationModuleOptionsMenuSampleApp/Pods-Dependencies-KinAppreciationModuleOptionsMenuSampleApp.release.xcconfig"; sourceTree = "<group>"; };
		83EA3C2CCC6D2387DBE97F19 /* Pods-Dependencies-KinAppreciationModuleOptionsMenuSampleApp.debug.xcconfig */ = {isa = PBXFileReference; includeInIndex = 1; lastKnownFileType = text.xcconfig; name = "Pods-Dependencies-KinAppreciationModuleOptionsMenuSampleApp.debug.xcconfig"; path = "Target Support Files/Pods-Dependencies-KinAppreciationModuleOptionsMenuSampleApp/Pods-Dependencies-KinAppreciationModuleOptionsMenuSampleApp.debug.xcconfig"; sourceTree = "<group>"; };
		A461E8FC65569E8B8A512B5A /* Pods_KinAppreciationModuleOptionsMenuSampleApp.framework */ = {isa = PBXFileReference; explicitFileType = wrapper.framework; includeInIndex = 0; path = Pods_KinAppreciationModuleOptionsMenuSampleApp.framework; sourceTree = BUILT_PRODUCTS_DIR; };
/* End PBXFileReference section */

/* Begin PBXFrameworksBuildPhase section */
		68AF951A22B79B4C008C01EC /* Frameworks */ = {
			isa = PBXFrameworksBuildPhase;
			buildActionMask = 2147483647;
			files = (
				6B4F3078A3DEB52A0B224BF2 /* Pods_KinAppreciationModuleOptionsMenuSampleApp.framework in Frameworks */,
			);
			runOnlyForDeploymentPostprocessing = 0;
		};
/* End PBXFrameworksBuildPhase section */

/* Begin PBXGroup section */
		4808EF81167C16E735769FCF /* Frameworks */ = {
			isa = PBXGroup;
			children = (
				A461E8FC65569E8B8A512B5A /* Pods_KinAppreciationModuleOptionsMenuSampleApp.framework */,
			);
			name = Frameworks;
			sourceTree = "<group>";
		};
		68AF951422B79B4C008C01EC = {
			isa = PBXGroup;
			children = (
				68AF951F22B79B4C008C01EC /* KinAppreciationModuleOptionsMenuSampleApp */,
				68AF951E22B79B4C008C01EC /* Products */,
				9CE25F76C662F2E058F262D0 /* Pods */,
				4808EF81167C16E735769FCF /* Frameworks */,
			);
			sourceTree = "<group>";
		};
		68AF951E22B79B4C008C01EC /* Products */ = {
			isa = PBXGroup;
			children = (
				68AF951D22B79B4C008C01EC /* KinAppreciationModuleOptionsMenuSampleApp.app */,
			);
			name = Products;
			sourceTree = "<group>";
		};
		68AF951F22B79B4C008C01EC /* KinAppreciationModuleOptionsMenuSampleApp */ = {
			isa = PBXGroup;
			children = (
				68AF952022B79B4C008C01EC /* AppDelegate.swift */,
				68AF952222B79B4C008C01EC /* ViewController.swift */,
				68AF952422B79B4C008C01EC /* Main.storyboard */,
				68AF952722B79B4F008C01EC /* Assets.xcassets */,
				68AF952922B79B4F008C01EC /* LaunchScreen.storyboard */,
				68AF952C22B79B4F008C01EC /* Info.plist */,
			);
			path = KinAppreciationModuleOptionsMenuSampleApp;
			sourceTree = "<group>";
		};
		9CE25F76C662F2E058F262D0 /* Pods */ = {
			isa = PBXGroup;
			children = (
				83EA3C2CCC6D2387DBE97F19 /* Pods-Dependencies-KinAppreciationModuleOptionsMenuSampleApp.debug.xcconfig */,
				7E0EF86BEBA21C6326CA573D /* Pods-Dependencies-KinAppreciationModuleOptionsMenuSampleApp.release.xcconfig */,
				36BC6DA688E7AE167191EC5A /* Pods-Dependencies-KinAppreciationModuleOptionsMenu-KinAppreciationModuleOptionsMenuSampleApp.debug.xcconfig */,
				0AC55A4FC5B9E0CF3DC99034 /* Pods-Dependencies-KinAppreciationModuleOptionsMenu-KinAppreciationModuleOptionsMenuSampleApp.release.xcconfig */,
				5990C6ADF9334B87E2FF7584 /* Pods-KinAppreciationModuleOptionsMenuSampleApp.debug.xcconfig */,
				0D7737BD6BF63E132A70096B /* Pods-KinAppreciationModuleOptionsMenuSampleApp.release.xcconfig */,
			);
			name = Pods;
			path = ../Pods;
			sourceTree = "<group>";
		};
/* End PBXGroup section */

/* Begin PBXNativeTarget section */
		68AF951C22B79B4C008C01EC /* KinAppreciationModuleOptionsMenuSampleApp */ = {
			isa = PBXNativeTarget;
			buildConfigurationList = 68AF952F22B79B4F008C01EC /* Build configuration list for PBXNativeTarget "KinAppreciationModuleOptionsMenuSampleApp" */;
			buildPhases = (
				CAA1F807717EDE3DD33CC6A2 /* [CP] Check Pods Manifest.lock */,
				68AF951922B79B4C008C01EC /* Sources */,
				68AF951A22B79B4C008C01EC /* Frameworks */,
				68AF951B22B79B4C008C01EC /* Resources */,
				8567C9A520FD4ACF1AD01CFC /* [CP] Embed Pods Frameworks */,
			);
			buildRules = (
			);
			dependencies = (
			);
			name = KinAppreciationModuleOptionsMenuSampleApp;
			productName = KinAppreciationModuleOptionsMenuSampleApp;
			productReference = 68AF951D22B79B4C008C01EC /* KinAppreciationModuleOptionsMenuSampleApp.app */;
			productType = "com.apple.product-type.application";
		};
/* End PBXNativeTarget section */

/* Begin PBXProject section */
		68AF951522B79B4C008C01EC /* Project object */ = {
			isa = PBXProject;
			attributes = {
				LastSwiftUpdateCheck = 1020;
				LastUpgradeCheck = 1020;
				ORGANIZATIONNAME = "Kin Foundation";
				TargetAttributes = {
					68AF951C22B79B4C008C01EC = {
						CreatedOnToolsVersion = 10.2.1;
					};
				};
			};
			buildConfigurationList = 68AF951822B79B4C008C01EC /* Build configuration list for PBXProject "KinAppreciationModuleOptionsMenuSampleApp" */;
			compatibilityVersion = "Xcode 9.3";
			developmentRegion = en;
			hasScannedForEncodings = 0;
			knownRegions = (
				en,
				Base,
			);
			mainGroup = 68AF951422B79B4C008C01EC;
			productRefGroup = 68AF951E22B79B4C008C01EC /* Products */;
			projectDirPath = "";
			projectRoot = "";
			targets = (
				68AF951C22B79B4C008C01EC /* KinAppreciationModuleOptionsMenuSampleApp */,
			);
		};
/* End PBXProject section */

/* Begin PBXResourcesBuildPhase section */
		68AF951B22B79B4C008C01EC /* Resources */ = {
			isa = PBXResourcesBuildPhase;
			buildActionMask = 2147483647;
			files = (
				68AF952B22B79B4F008C01EC /* LaunchScreen.storyboard in Resources */,
				68AF952822B79B4F008C01EC /* Assets.xcassets in Resources */,
				68AF952622B79B4C008C01EC /* Main.storyboard in Resources */,
			);
			runOnlyForDeploymentPostprocessing = 0;
		};
/* End PBXResourcesBuildPhase section */

/* Begin PBXShellScriptBuildPhase section */
		8567C9A520FD4ACF1AD01CFC /* [CP] Embed Pods Frameworks */ = {
			isa = PBXShellScriptBuildPhase;
			buildActionMask = 2147483647;
			files = (
			);
			inputFileListPaths = (
				"${PODS_ROOT}/Target Support Files/Pods-KinAppreciationModuleOptionsMenuSampleApp/Pods-KinAppreciationModuleOptionsMenuSampleApp-frameworks-${CONFIGURATION}-input-files.xcfilelist",
			);
			name = "[CP] Embed Pods Frameworks";
			outputFileListPaths = (
				"${PODS_ROOT}/Target Support Files/Pods-KinAppreciationModuleOptionsMenuSampleApp/Pods-KinAppreciationModuleOptionsMenuSampleApp-frameworks-${CONFIGURATION}-output-files.xcfilelist",
			);
			runOnlyForDeploymentPostprocessing = 0;
			shellPath = /bin/sh;
			shellScript = "\"${PODS_ROOT}/Target Support Files/Pods-KinAppreciationModuleOptionsMenuSampleApp/Pods-KinAppreciationModuleOptionsMenuSampleApp-frameworks.sh\"\n";
			showEnvVarsInLog = 0;
		};
		CAA1F807717EDE3DD33CC6A2 /* [CP] Check Pods Manifest.lock */ = {
			isa = PBXShellScriptBuildPhase;
			buildActionMask = 2147483647;
			files = (
			);
			inputFileListPaths = (
			);
			inputPaths = (
				"${PODS_PODFILE_DIR_PATH}/Podfile.lock",
				"${PODS_ROOT}/Manifest.lock",
			);
			name = "[CP] Check Pods Manifest.lock";
			outputFileListPaths = (
			);
			outputPaths = (
				"$(DERIVED_FILE_DIR)/Pods-KinAppreciationModuleOptionsMenuSampleApp-checkManifestLockResult.txt",
			);
			runOnlyForDeploymentPostprocessing = 0;
			shellPath = /bin/sh;
			shellScript = "diff \"${PODS_PODFILE_DIR_PATH}/Podfile.lock\" \"${PODS_ROOT}/Manifest.lock\" > /dev/null\nif [ $? != 0 ] ; then\n    # print error to STDERR\n    echo \"error: The sandbox is not in sync with the Podfile.lock. Run 'pod install' or update your CocoaPods installation.\" >&2\n    exit 1\nfi\n# This output is used by Xcode 'outputs' to avoid re-running this script phase.\necho \"SUCCESS\" > \"${SCRIPT_OUTPUT_FILE_0}\"\n";
			showEnvVarsInLog = 0;
		};
/* End PBXShellScriptBuildPhase section */

/* Begin PBXSourcesBuildPhase section */
		68AF951922B79B4C008C01EC /* Sources */ = {
			isa = PBXSourcesBuildPhase;
			buildActionMask = 2147483647;
			files = (
				68AF952322B79B4C008C01EC /* ViewController.swift in Sources */,
				68AF952122B79B4C008C01EC /* AppDelegate.swift in Sources */,
			);
			runOnlyForDeploymentPostprocessing = 0;
		};
/* End PBXSourcesBuildPhase section */

/* Begin PBXVariantGroup section */
		68AF952422B79B4C008C01EC /* Main.storyboard */ = {
			isa = PBXVariantGroup;
			children = (
				68AF952522B79B4C008C01EC /* Base */,
			);
			name = Main.storyboard;
			sourceTree = "<group>";
		};
		68AF952922B79B4F008C01EC /* LaunchScreen.storyboard */ = {
			isa = PBXVariantGroup;
			children = (
				68AF952A22B79B4F008C01EC /* Base */,
			);
			name = LaunchScreen.storyboard;
			sourceTree = "<group>";
		};
/* End PBXVariantGroup section */

/* Begin XCBuildConfiguration section */
		68AF952D22B79B4F008C01EC /* Debug */ = {
			isa = XCBuildConfiguration;
			buildSettings = {
				ALWAYS_SEARCH_USER_PATHS = NO;
				CLANG_ANALYZER_NONNULL = YES;
				CLANG_ANALYZER_NUMBER_OBJECT_CONVERSION = YES_AGGRESSIVE;
				CLANG_CXX_LANGUAGE_STANDARD = "gnu++14";
				CLANG_CXX_LIBRARY = "libc++";
				CLANG_ENABLE_MODULES = YES;
				CLANG_ENABLE_OBJC_ARC = YES;
				CLANG_ENABLE_OBJC_WEAK = YES;
				CLANG_WARN_BLOCK_CAPTURE_AUTORELEASING = YES;
				CLANG_WARN_BOOL_CONVERSION = YES;
				CLANG_WARN_COMMA = YES;
				CLANG_WARN_CONSTANT_CONVERSION = YES;
				CLANG_WARN_DEPRECATED_OBJC_IMPLEMENTATIONS = YES;
				CLANG_WARN_DIRECT_OBJC_ISA_USAGE = YES_ERROR;
				CLANG_WARN_DOCUMENTATION_COMMENTS = YES;
				CLANG_WARN_EMPTY_BODY = YES;
				CLANG_WARN_ENUM_CONVERSION = YES;
				CLANG_WARN_INFINITE_RECURSION = YES;
				CLANG_WARN_INT_CONVERSION = YES;
				CLANG_WARN_NON_LITERAL_NULL_CONVERSION = YES;
				CLANG_WARN_OBJC_IMPLICIT_RETAIN_SELF = YES;
				CLANG_WARN_OBJC_LITERAL_CONVERSION = YES;
				CLANG_WARN_OBJC_ROOT_CLASS = YES_ERROR;
				CLANG_WARN_RANGE_LOOP_ANALYSIS = YES;
				CLANG_WARN_STRICT_PROTOTYPES = YES;
				CLANG_WARN_SUSPICIOUS_MOVE = YES;
				CLANG_WARN_UNGUARDED_AVAILABILITY = YES_AGGRESSIVE;
				CLANG_WARN_UNREACHABLE_CODE = YES;
				CLANG_WARN__DUPLICATE_METHOD_MATCH = YES;
				CODE_SIGN_IDENTITY = "iPhone Developer";
				COPY_PHASE_STRIP = NO;
				DEBUG_INFORMATION_FORMAT = dwarf;
				ENABLE_STRICT_OBJC_MSGSEND = YES;
				ENABLE_TESTABILITY = YES;
				GCC_C_LANGUAGE_STANDARD = gnu11;
				GCC_DYNAMIC_NO_PIC = NO;
				GCC_NO_COMMON_BLOCKS = YES;
				GCC_OPTIMIZATION_LEVEL = 0;
				GCC_PREPROCESSOR_DEFINITIONS = (
					"DEBUG=1",
					"$(inherited)",
				);
				GCC_WARN_64_TO_32_BIT_CONVERSION = YES;
				GCC_WARN_ABOUT_RETURN_TYPE = YES_ERROR;
				GCC_WARN_UNDECLARED_SELECTOR = YES;
				GCC_WARN_UNINITIALIZED_AUTOS = YES_AGGRESSIVE;
				GCC_WARN_UNUSED_FUNCTION = YES;
				GCC_WARN_UNUSED_VARIABLE = YES;
				IPHONEOS_DEPLOYMENT_TARGET = 12.2;
				MTL_ENABLE_DEBUG_INFO = INCLUDE_SOURCE;
				MTL_FAST_MATH = YES;
				ONLY_ACTIVE_ARCH = YES;
				SDKROOT = iphoneos;
				SWIFT_ACTIVE_COMPILATION_CONDITIONS = DEBUG;
				SWIFT_OPTIMIZATION_LEVEL = "-Onone";
			};
			name = Debug;
		};
		68AF952E22B79B4F008C01EC /* Release */ = {
			isa = XCBuildConfiguration;
			buildSettings = {
				ALWAYS_SEARCH_USER_PATHS = NO;
				CLANG_ANALYZER_NONNULL = YES;
				CLANG_ANALYZER_NUMBER_OBJECT_CONVERSION = YES_AGGRESSIVE;
				CLANG_CXX_LANGUAGE_STANDARD = "gnu++14";
				CLANG_CXX_LIBRARY = "libc++";
				CLANG_ENABLE_MODULES = YES;
				CLANG_ENABLE_OBJC_ARC = YES;
				CLANG_ENABLE_OBJC_WEAK = YES;
				CLANG_WARN_BLOCK_CAPTURE_AUTORELEASING = YES;
				CLANG_WARN_BOOL_CONVERSION = YES;
				CLANG_WARN_COMMA = YES;
				CLANG_WARN_CONSTANT_CONVERSION = YES;
				CLANG_WARN_DEPRECATED_OBJC_IMPLEMENTATIONS = YES;
				CLANG_WARN_DIRECT_OBJC_ISA_USAGE = YES_ERROR;
				CLANG_WARN_DOCUMENTATION_COMMENTS = YES;
				CLANG_WARN_EMPTY_BODY = YES;
				CLANG_WARN_ENUM_CONVERSION = YES;
				CLANG_WARN_INFINITE_RECURSION = YES;
				CLANG_WARN_INT_CONVERSION = YES;
				CLANG_WARN_NON_LITERAL_NULL_CONVERSION = YES;
				CLANG_WARN_OBJC_IMPLICIT_RETAIN_SELF = YES;
				CLANG_WARN_OBJC_LITERAL_CONVERSION = YES;
				CLANG_WARN_OBJC_ROOT_CLASS = YES_ERROR;
				CLANG_WARN_RANGE_LOOP_ANALYSIS = YES;
				CLANG_WARN_STRICT_PROTOTYPES = YES;
				CLANG_WARN_SUSPICIOUS_MOVE = YES;
				CLANG_WARN_UNGUARDED_AVAILABILITY = YES_AGGRESSIVE;
				CLANG_WARN_UNREACHABLE_CODE = YES;
				CLANG_WARN__DUPLICATE_METHOD_MATCH = YES;
				CODE_SIGN_IDENTITY = "iPhone Developer";
				COPY_PHASE_STRIP = NO;
				DEBUG_INFORMATION_FORMAT = "dwarf-with-dsym";
				ENABLE_NS_ASSERTIONS = NO;
				ENABLE_STRICT_OBJC_MSGSEND = YES;
				GCC_C_LANGUAGE_STANDARD = gnu11;
				GCC_NO_COMMON_BLOCKS = YES;
				GCC_WARN_64_TO_32_BIT_CONVERSION = YES;
				GCC_WARN_ABOUT_RETURN_TYPE = YES_ERROR;
				GCC_WARN_UNDECLARED_SELECTOR = YES;
				GCC_WARN_UNINITIALIZED_AUTOS = YES_AGGRESSIVE;
				GCC_WARN_UNUSED_FUNCTION = YES;
				GCC_WARN_UNUSED_VARIABLE = YES;
				IPHONEOS_DEPLOYMENT_TARGET = 12.2;
				MTL_ENABLE_DEBUG_INFO = NO;
				MTL_FAST_MATH = YES;
				SDKROOT = iphoneos;
				SWIFT_COMPILATION_MODE = wholemodule;
				SWIFT_OPTIMIZATION_LEVEL = "-O";
				VALIDATE_PRODUCT = YES;
			};
			name = Release;
		};
		68AF953022B79B4F008C01EC /* Debug */ = {
			isa = XCBuildConfiguration;
			baseConfigurationReference = 5990C6ADF9334B87E2FF7584 /* Pods-KinAppreciationModuleOptionsMenuSampleApp.debug.xcconfig */;
			buildSettings = {
				ASSETCATALOG_COMPILER_APPICON_NAME = AppIcon;
				CODE_SIGN_STYLE = Automatic;
				DEVELOPMENT_TEAM = F879J8YSJ9;
				INFOPLIST_FILE = KinAppreciationModuleOptionsMenuSampleApp/Info.plist;
				LD_RUNPATH_SEARCH_PATHS = (
					"$(inherited)",
					"@executable_path/Frameworks",
				);
				PRODUCT_BUNDLE_IDENTIFIER = com.kinfoundation.KinAppreciationModuleOptionsMenuSampleApp;
				PRODUCT_NAME = "$(TARGET_NAME)";
				SWIFT_VERSION = 5.0;
				TARGETED_DEVICE_FAMILY = "1,2";
			};
			name = Debug;
		};
		68AF953122B79B4F008C01EC /* Release */ = {
			isa = XCBuildConfiguration;
			baseConfigurationReference = 0D7737BD6BF63E132A70096B /* Pods-KinAppreciationModuleOptionsMenuSampleApp.release.xcconfig */;
			buildSettings = {
				ASSETCATALOG_COMPILER_APPICON_NAME = AppIcon;
				CODE_SIGN_STYLE = Automatic;
				DEVELOPMENT_TEAM = F879J8YSJ9;
				INFOPLIST_FILE = KinAppreciationModuleOptionsMenuSampleApp/Info.plist;
				LD_RUNPATH_SEARCH_PATHS = (
					"$(inherited)",
					"@executable_path/Frameworks",
				);
				PRODUCT_BUNDLE_IDENTIFIER = com.kinfoundation.KinAppreciationModuleOptionsMenuSampleApp;
				PRODUCT_NAME = "$(TARGET_NAME)";
				SWIFT_VERSION = 5.0;
				TARGETED_DEVICE_FAMILY = "1,2";
			};
			name = Release;
		};
/* End XCBuildConfiguration section */

/* Begin XCConfigurationList section */
		68AF951822B79B4C008C01EC /* Build configuration list for PBXProject "KinAppreciationModuleOptionsMenuSampleApp" */ = {
			isa = XCConfigurationList;
			buildConfigurations = (
				68AF952D22B79B4F008C01EC /* Debug */,
				68AF952E22B79B4F008C01EC /* Release */,
			);
			defaultConfigurationIsVisible = 0;
			defaultConfigurationName = Release;
		};
		68AF952F22B79B4F008C01EC /* Build configuration list for PBXNativeTarget "KinAppreciationModuleOptionsMenuSampleApp" */ = {
			isa = XCConfigurationList;
			buildConfigurations = (
				68AF953022B79B4F008C01EC /* Debug */,
				68AF953122B79B4F008C01EC /* Release */,
			);
			defaultConfigurationIsVisible = 0;
			defaultConfigurationName = Release;
		};
/* End XCConfigurationList section */
	};
	rootObject = 68AF951522B79B4C008C01EC /* Project object */;
}
